{
  "name": "crawler_platform_frontend",
  "version": "3.0.0",
  "lockfileVersion": 3,
  "requires": true,
  "packages": {
    "": {
      "name": "crawler_platform_frontend",
      "version": "3.0.0",
      "dependencies": {
        "axios": "1.7.9",
        "echarts": "5.6.0",
        "element-plus": "2.9.3",
        "vue": "3.5.13",
        "vue-router": "4.5.0"
      },
      "devDependencies": {
        "@vitejs/plugin-vue": "5.2.1",
        "typescript": "5.6.3",
        "vue-tsc": "2.1.10",
        "vite": "6.0.7"
      }
    }
  },
  "dependencies": {
    "axios": {
      "version": "1.7.9"
    },
    "echarts": {
      "version": "5.6.0"
    },
    "element-plus": {
      "version": "2.9.3"
    },
    "vue": {
      "version": "3.5.13"
    },
    "vue-router": {
      "version": "4.5.0"
    },
    "@vitejs/plugin-vue": {
      "version": "5.2.1"
    },
    "typescript": {
      "version": "5.6.3"
    },
    "vue-tsc": {
      "version": "2.1.10"
    },
    "vite": {
      "version": "6.0.7"
    }
  }
}
